{
  "name": "JovialLeafySystemsanalysis",
  "lockfileVersion": 2,
  "requires": true,
  "packages": {
    "": {
      "dependencies": {
        "bananacorpjs": "^1.0.1"
      }
    },
    "node_modules/bananacorpjs": {
      "version": "1.0.1",
      "resolved": "https://registry.npmjs.org/bananacorpjs/-/bananacorpjs-1.0.1.tgz",
      "integrity": "sha512-AzufzicQvas3v3Eiib9GSF5mRbi+4bL7Nz8FDjjjuOehIhH2wDHKnaUGvtFGeLBG8HSnl3Ze67J5RSTn5wsuaQ=="
    }
  },
  "dependencies": {
    "bananacorpjs": {
      "version": "1.0.1",
      "resolved": "https://registry.npmjs.org/bananacorpjs/-/bananacorpjs-1.0.1.tgz",
      "integrity": "sha512-AzufzicQvas3v3Eiib9GSF5mRbi+4bL7Nz8FDjjjuOehIhH2wDHKnaUGvtFGeLBG8HSnl3Ze67J5RSTn5wsuaQ=="
    }
  }
}
